
Microsoft Visual Studio Solution File, Format Version 12.00
# Visual Studio 15
VisualStudioVersion = 15.0.28307.136
MinimumVisualStudioVersion = 10.0.40219.1
Project("{FAE04EC0-301F-11D3-BF4B-00C04F79EFBC}") = "SsisToolbox", "SsisToolbox\SsisToolbox.csproj", "{1F3AE014-2DAD-4B76-940F-999B8F83DA2D}"
EndProject
Global
	GlobalSection(SolutionConfigurationPlatforms) = preSolution
		Debug|Any CPU = Debug|Any CPU
		Release|Any CPU = Release|Any CPU
	EndGlobalSection
	GlobalSection(ProjectConfigurationPlatforms) = postSolution
		{1F3AE014-2DAD-4B76-940F-999B8F83DA2D}.Debug|Any CPU.ActiveCfg = Debug|Any CPU
		{1F3AE014-2DAD-4B76-940F-999B8F83DA2D}.Debug|Any CPU.Build.0 = Debug|Any CPU
		{1F3AE014-2DAD-4B76-940F-999B8F83DA2D}.Release|Any CPU.ActiveCfg = Release|Any CPU
		{1F3AE014-2DAD-4B76-940F-999B8F83DA2D}.Release|Any CPU.Build.0 = Release|Any CPU
	EndGlobalSection
	GlobalSection(SolutionProperties) = preSolution
		HideSolutionNode = FALSE
	EndGlobalSection
	GlobalSection(ExtensibilityGlobals) = postSolution
		SolutionGuid = {D8827F5B-8496-4298-8399-F645E8BC1568}
	EndGlobalSection
EndGlobal
